
Microsoft Visual Studio Solution File, Format Version 12.00
# Visual Studio Version 17
VisualStudioVersion = 17.11.35327.3
MinimumVisualStudioVersion = 10.0.40219.1
Project("{2150E333-8FDC-42A3-9474-1A3956D46DE8}") = "Authorization Server", "Authorization Server", "{D788A2DE-0430-4048-8C02-6D4D9BF736FF}"
EndProject
Project("{2150E333-8FDC-42A3-9474-1A3956D46DE8}") = "Resrouce Server", "Resrouce Server", "{6FB88DFB-1D11-4C81-BD5F-CBCA6E84DB9C}"
EndProject
Project("{2150E333-8FDC-42A3-9474-1A3956D46DE8}") = "src", "src", "{24E0BBC1-DE48-4B5D-B854-35EE192725E9}"
EndProject
Project("{2150E333-8FDC-42A3-9474-1A3956D46DE8}") = "API", "API", "{B583B832-2F90-465D-9C5E-3A0F30BE6AE9}"
EndProject
Project("{2150E333-8FDC-42A3-9474-1A3956D46DE8}") = "Core", "Core", "{20C8023D-A3AE-40D3-ACE0-640A9900FDFA}"
EndProject
Project("{9A19103F-16F7-4668-BE54-9A1E7A4F7556}") = "User.Authentication.Application", "User.Authentication.Application\User.Authentication.Application.csproj", "{E6E315B2-8BDC-4B31-8C55-45A82F8D7779}"
EndProject
Project("{9A19103F-16F7-4668-BE54-9A1E7A4F7556}") = "User.Authentication.Domain", "User.Authentication.Domain\User.Authentication.Domain.csproj", "{8496847C-FEBF-46F7-8199-8BC0E262FA50}"
EndProject
Project("{2150E333-8FDC-42A3-9474-1A3956D46DE8}") = "Infrastructure", "Infrastructure", "{F2612FCE-0EB3-4731-9A2E-9163FE4FC36A}"
EndProject
Project("{9A19103F-16F7-4668-BE54-9A1E7A4F7556}") = "User.Authentication.Persistance", "User.Authentication.Persistance\User.Authentication.Persistance.csproj", "{091F9A5B-5E76-438E-A835-52303ABEFEB1}"
EndProject
Project("{9A19103F-16F7-4668-BE54-9A1E7A4F7556}") = "User.Authentication.API", "User.Authentication.API\User.Authentication.API.csproj", "{96950092-BD44-4FBD-B31A-7905AA1611BB}"
EndProject
Project("{9A19103F-16F7-4668-BE54-9A1E7A4F7556}") = "User.Authentication.Infrastructure", "User.Authenticaiton.Infrastructure\User.Authentication.Infrastructure.csproj", "{8809F519-0089-4C57-AA29-B1AF05123768}"
EndProject
Project("{2150E333-8FDC-42A3-9474-1A3956D46DE8}") = "src", "src", "{248AFADB-D450-47F8-91EB-8533123D2F9A}"
EndProject
Project("{2150E333-8FDC-42A3-9474-1A3956D46DE8}") = "tests", "tests", "{19D75B36-306E-484B-9A7D-87516922A7BC}"
EndProject
Project("{2150E333-8FDC-42A3-9474-1A3956D46DE8}") = "API", "API", "{4DFB728E-66EE-4424-9208-E0B6DE90BDD6}"
EndProject
Project("{2150E333-8FDC-42A3-9474-1A3956D46DE8}") = "Core", "Core", "{787A6EE9-C808-4227-BBBA-AFB1F7B6EA9E}"
EndProject
Project("{2150E333-8FDC-42A3-9474-1A3956D46DE8}") = "Infrastructure", "Infrastructure", "{E424EB33-0AC2-4A87-A084-08102A1E5F95}"
EndProject
Project("{9A19103F-16F7-4668-BE54-9A1E7A4F7556}") = "User.Resource.API", "User.Resource.API\User.Resource.API.csproj", "{DE23E485-5721-44E0-96F1-C94A4825B9F8}"
EndProject
Project("{9A19103F-16F7-4668-BE54-9A1E7A4F7556}") = "User.Resource.Application", "User.Resource.Application\User.Resource.Application.csproj", "{5E720259-89B2-4695-953E-D31E7F2D1D5E}"
EndProject
Project("{9A19103F-16F7-4668-BE54-9A1E7A4F7556}") = "User.Resource.Domain", "User.Resource.Domain\User.Resource.Domain.csproj", "{F5E65679-67F7-44DF-8BEE-51F6BE5C0726}"
EndProject
Project("{9A19103F-16F7-4668-BE54-9A1E7A4F7556}") = "User.Resource.Persistance", "User.Resource.Persistance\User.Resource.Persistance.csproj", "{F3668C08-8DB5-4B8B-A92E-5A9B588E1756}"
EndProject
Project("{2150E333-8FDC-42A3-9474-1A3956D46DE8}") = "TPL Implementation", "TPL Implementation", "{CE247ABF-3254-433C-9AD6-59D6F5725AB0}"
EndProject
Project("{9A19103F-16F7-4668-BE54-9A1E7A4F7556}") = "ParallelForloop", "ParallelFoeeachloop\ParallelForloop.csproj", "{232036EE-05EE-4557-9D3D-84F4F76E7EA7}"
EndProject
Project("{9A19103F-16F7-4668-BE54-9A1E7A4F7556}") = "parallelforeach", "parallelforeach\parallelforeach.csproj", "{169CE4AF-663B-4AE9-AD3F-21AB63933D31}"
EndProject
Project("{9A19103F-16F7-4668-BE54-9A1E7A4F7556}") = "ParallelInvoke", "ParallelInvoke\ParallelInvoke.csproj", "{C265BD11-DE6B-4061-AD1E-EE96166EA163}"
EndProject
Project("{9A19103F-16F7-4668-BE54-9A1E7A4F7556}") = "cacellationtoken", "cacellationtoken\cacellationtoken.csproj", "{BFD72625-9A00-4884-80D7-DC4141379210}"
EndProject
Project("{2150E333-8FDC-42A3-9474-1A3956D46DE8}") = "Unit Testing implementtion", "Unit Testing implementtion", "{EEF5C99D-7A5C-4F5E-A7E8-5348E9BCDABC}"
EndProject
Project("{FAE04EC0-301F-11D3-BF4B-00C04F79EFBC}") = "TestProject1", "TestProject1\TestProject1.csproj", "{A32800AC-113A-4B54-85DA-712B3802DD59}"
EndProject
Global
	GlobalSection(SolutionConfigurationPlatforms) = preSolution
		Debug|Any CPU = Debug|Any CPU
		Release|Any CPU = Release|Any CPU
	EndGlobalSection
	GlobalSection(ProjectConfigurationPlatforms) = postSolution
		{E6E315B2-8BDC-4B31-8C55-45A82F8D7779}.Debug|Any CPU.ActiveCfg = Debug|Any CPU
		{E6E315B2-8BDC-4B31-8C55-45A82F8D7779}.Debug|Any CPU.Build.0 = Debug|Any CPU
		{E6E315B2-8BDC-4B31-8C55-45A82F8D7779}.Release|Any CPU.ActiveCfg = Release|Any CPU
		{E6E315B2-8BDC-4B31-8C55-45A82F8D7779}.Release|Any CPU.Build.0 = Release|Any CPU
		{8496847C-FEBF-46F7-8199-8BC0E262FA50}.Debug|Any CPU.ActiveCfg = Debug|Any CPU
		{8496847C-FEBF-46F7-8199-8BC0E262FA50}.Debug|Any CPU.Build.0 = Debug|Any CPU
		{8496847C-FEBF-46F7-8199-8BC0E262FA50}.Release|Any CPU.ActiveCfg = Release|Any CPU
		{8496847C-FEBF-46F7-8199-8BC0E262FA50}.Release|Any CPU.Build.0 = Release|Any CPU
		{091F9A5B-5E76-438E-A835-52303ABEFEB1}.Debug|Any CPU.ActiveCfg = Debug|Any CPU
		{091F9A5B-5E76-438E-A835-52303ABEFEB1}.Debug|Any CPU.Build.0 = Debug|Any CPU
		{091F9A5B-5E76-438E-A835-52303ABEFEB1}.Release|Any CPU.ActiveCfg = Release|Any CPU
		{091F9A5B-5E76-438E-A835-52303ABEFEB1}.Release|Any CPU.Build.0 = Release|Any CPU
		{96950092-BD44-4FBD-B31A-7905AA1611BB}.Debug|Any CPU.ActiveCfg = Debug|Any CPU
		{96950092-BD44-4FBD-B31A-7905AA1611BB}.Debug|Any CPU.Build.0 = Debug|Any CPU
		{96950092-BD44-4FBD-B31A-7905AA1611BB}.Release|Any CPU.ActiveCfg = Release|Any CPU
		{96950092-BD44-4FBD-B31A-7905AA1611BB}.Release|Any CPU.Build.0 = Release|Any CPU
		{8809F519-0089-4C57-AA29-B1AF05123768}.Debug|Any CPU.ActiveCfg = Debug|Any CPU
		{8809F519-0089-4C57-AA29-B1AF05123768}.Debug|Any CPU.Build.0 = Debug|Any CPU
		{8809F519-0089-4C57-AA29-B1AF05123768}.Release|Any CPU.ActiveCfg = Release|Any CPU
		{8809F519-0089-4C57-AA29-B1AF05123768}.Release|Any CPU.Build.0 = Release|Any CPU
		{DE23E485-5721-44E0-96F1-C94A4825B9F8}.Debug|Any CPU.ActiveCfg = Debug|Any CPU
		{DE23E485-5721-44E0-96F1-C94A4825B9F8}.Debug|Any CPU.Build.0 = Debug|Any CPU
		{DE23E485-5721-44E0-96F1-C94A4825B9F8}.Release|Any CPU.ActiveCfg = Release|Any CPU
		{DE23E485-5721-44E0-96F1-C94A4825B9F8}.Release|Any CPU.Build.0 = Release|Any CPU
		{5E720259-89B2-4695-953E-D31E7F2D1D5E}.Debug|Any CPU.ActiveCfg = Debug|Any CPU
		{5E720259-89B2-4695-953E-D31E7F2D1D5E}.Debug|Any CPU.Build.0 = Debug|Any CPU
		{5E720259-89B2-4695-953E-D31E7F2D1D5E}.Release|Any CPU.ActiveCfg = Release|Any CPU
		{5E720259-89B2-4695-953E-D31E7F2D1D5E}.Release|Any CPU.Build.0 = Release|Any CPU
		{F5E65679-67F7-44DF-8BEE-51F6BE5C0726}.Debug|Any CPU.ActiveCfg = Debug|Any CPU
		{F5E65679-67F7-44DF-8BEE-51F6BE5C0726}.Debug|Any CPU.Build.0 = Debug|Any CPU
		{F5E65679-67F7-44DF-8BEE-51F6BE5C0726}.Release|Any CPU.ActiveCfg = Release|Any CPU
		{F5E65679-67F7-44DF-8BEE-51F6BE5C0726}.Release|Any CPU.Build.0 = Release|Any CPU
		{F3668C08-8DB5-4B8B-A92E-5A9B588E1756}.Debug|Any CPU.ActiveCfg = Debug|Any CPU
		{F3668C08-8DB5-4B8B-A92E-5A9B588E1756}.Debug|Any CPU.Build.0 = Debug|Any CPU
		{F3668C08-8DB5-4B8B-A92E-5A9B588E1756}.Release|Any CPU.ActiveCfg = Release|Any CPU
		{F3668C08-8DB5-4B8B-A92E-5A9B588E1756}.Release|Any CPU.Build.0 = Release|Any CPU
		{232036EE-05EE-4557-9D3D-84F4F76E7EA7}.Debug|Any CPU.ActiveCfg = Debug|Any CPU
		{232036EE-05EE-4557-9D3D-84F4F76E7EA7}.Debug|Any CPU.Build.0 = Debug|Any CPU
		{232036EE-05EE-4557-9D3D-84F4F76E7EA7}.Release|Any CPU.ActiveCfg = Release|Any CPU
		{232036EE-05EE-4557-9D3D-84F4F76E7EA7}.Release|Any CPU.Build.0 = Release|Any CPU
		{169CE4AF-663B-4AE9-AD3F-21AB63933D31}.Debug|Any CPU.ActiveCfg = Debug|Any CPU
		{169CE4AF-663B-4AE9-AD3F-21AB63933D31}.Debug|Any CPU.Build.0 = Debug|Any CPU
		{169CE4AF-663B-4AE9-AD3F-21AB63933D31}.Release|Any CPU.ActiveCfg = Release|Any CPU
		{169CE4AF-663B-4AE9-AD3F-21AB63933D31}.Release|Any CPU.Build.0 = Release|Any CPU
		{C265BD11-DE6B-4061-AD1E-EE96166EA163}.Debug|Any CPU.ActiveCfg = Debug|Any CPU
		{C265BD11-DE6B-4061-AD1E-EE96166EA163}.Debug|Any CPU.Build.0 = Debug|Any CPU
		{C265BD11-DE6B-4061-AD1E-EE96166EA163}.Release|Any CPU.ActiveCfg = Release|Any CPU
		{C265BD11-DE6B-4061-AD1E-EE96166EA163}.Release|Any CPU.Build.0 = Release|Any CPU
		{BFD72625-9A00-4884-80D7-DC4141379210}.Debug|Any CPU.ActiveCfg = Debug|Any CPU
		{BFD72625-9A00-4884-80D7-DC4141379210}.Debug|Any CPU.Build.0 = Debug|Any CPU
		{BFD72625-9A00-4884-80D7-DC4141379210}.Release|Any CPU.ActiveCfg = Release|Any CPU
		{BFD72625-9A00-4884-80D7-DC4141379210}.Release|Any CPU.Build.0 = Release|Any CPU
		{A32800AC-113A-4B54-85DA-712B3802DD59}.Debug|Any CPU.ActiveCfg = Debug|Any CPU
		{A32800AC-113A-4B54-85DA-712B3802DD59}.Debug|Any CPU.Build.0 = Debug|Any CPU
		{A32800AC-113A-4B54-85DA-712B3802DD59}.Release|Any CPU.ActiveCfg = Release|Any CPU
		{A32800AC-113A-4B54-85DA-712B3802DD59}.Release|Any CPU.Build.0 = Release|Any CPU
	EndGlobalSection
	GlobalSection(SolutionProperties) = preSolution
		HideSolutionNode = FALSE
	EndGlobalSection
	GlobalSection(NestedProjects) = preSolution
		{24E0BBC1-DE48-4B5D-B854-35EE192725E9} = {D788A2DE-0430-4048-8C02-6D4D9BF736FF}
		{B583B832-2F90-465D-9C5E-3A0F30BE6AE9} = {24E0BBC1-DE48-4B5D-B854-35EE192725E9}
		{20C8023D-A3AE-40D3-ACE0-640A9900FDFA} = {24E0BBC1-DE48-4B5D-B854-35EE192725E9}
		{E6E315B2-8BDC-4B31-8C55-45A82F8D7779} = {20C8023D-A3AE-40D3-ACE0-640A9900FDFA}
		{8496847C-FEBF-46F7-8199-8BC0E262FA50} = {20C8023D-A3AE-40D3-ACE0-640A9900FDFA}
		{F2612FCE-0EB3-4731-9A2E-9163FE4FC36A} = {24E0BBC1-DE48-4B5D-B854-35EE192725E9}
		{091F9A5B-5E76-438E-A835-52303ABEFEB1} = {F2612FCE-0EB3-4731-9A2E-9163FE4FC36A}
		{96950092-BD44-4FBD-B31A-7905AA1611BB} = {B583B832-2F90-465D-9C5E-3A0F30BE6AE9}
		{8809F519-0089-4C57-AA29-B1AF05123768} = {F2612FCE-0EB3-4731-9A2E-9163FE4FC36A}
		{248AFADB-D450-47F8-91EB-8533123D2F9A} = {6FB88DFB-1D11-4C81-BD5F-CBCA6E84DB9C}
		{19D75B36-306E-484B-9A7D-87516922A7BC} = {6FB88DFB-1D11-4C81-BD5F-CBCA6E84DB9C}
		{4DFB728E-66EE-4424-9208-E0B6DE90BDD6} = {248AFADB-D450-47F8-91EB-8533123D2F9A}
		{787A6EE9-C808-4227-BBBA-AFB1F7B6EA9E} = {248AFADB-D450-47F8-91EB-8533123D2F9A}
		{E424EB33-0AC2-4A87-A084-08102A1E5F95} = {248AFADB-D450-47F8-91EB-8533123D2F9A}
		{DE23E485-5721-44E0-96F1-C94A4825B9F8} = {4DFB728E-66EE-4424-9208-E0B6DE90BDD6}
		{5E720259-89B2-4695-953E-D31E7F2D1D5E} = {787A6EE9-C808-4227-BBBA-AFB1F7B6EA9E}
		{F5E65679-67F7-44DF-8BEE-51F6BE5C0726} = {787A6EE9-C808-4227-BBBA-AFB1F7B6EA9E}
		{F3668C08-8DB5-4B8B-A92E-5A9B588E1756} = {E424EB33-0AC2-4A87-A084-08102A1E5F95}
		{232036EE-05EE-4557-9D3D-84F4F76E7EA7} = {CE247ABF-3254-433C-9AD6-59D6F5725AB0}
		{169CE4AF-663B-4AE9-AD3F-21AB63933D31} = {CE247ABF-3254-433C-9AD6-59D6F5725AB0}
		{C265BD11-DE6B-4061-AD1E-EE96166EA163} = {CE247ABF-3254-433C-9AD6-59D6F5725AB0}
		{BFD72625-9A00-4884-80D7-DC4141379210} = {CE247ABF-3254-433C-9AD6-59D6F5725AB0}
		{A32800AC-113A-4B54-85DA-712B3802DD59} = {19D75B36-306E-484B-9A7D-87516922A7BC}
	EndGlobalSection
	GlobalSection(ExtensibilityGlobals) = postSolution
		SolutionGuid = {58378617-324F-408D-9893-FEA0CA3CA51D}
	EndGlobalSection
EndGlobal
